// !$*UTF8*$!
{
	archiveVersion = 1;
	classes = {
	};
	objectVersion = 46;
	objects = {

/* Begin PBXBuildFile section */
		773E2E9C1D43F0D100E948A4 /* LoginViewController.swift in Sources */ = {isa = PBXBuildFile; fileRef = 773E2E9A1D43F0D100E948A4 /* LoginViewController.swift */; };
		773E2E9D1D43F0D100E948A4 /* LoginViewController.xib in Resources */ = {isa = PBXBuildFile; fileRef = 773E2E9B1D43F0D100E948A4 /* LoginViewController.xib */; };
		77CB12BF1D43335700E7DED5 /* AppDelegate.swift in Sources */ = {isa = PBXBuildFile; fileRef = 77CB12BE1D43335700E7DED5 /* AppDelegate.swift */; };
		77CB12C61D43335700E7DED5 /* Assets.xcassets in Resources */ = {isa = PBXBuildFile; fileRef = 77CB12C51D43335700E7DED5 /* Assets.xcassets */; };
		77CB12C91D43335700E7DED5 /* LaunchScreen.storyboard in Resources */ = {isa = PBXBuildFile; fileRef = 77CB12C71D43335700E7DED5 /* LaunchScreen.storyboard */; };
		F1963B3A82143F2942B99286 /* Pods_objShe.framework in Frameworks */ = {isa = PBXBuildFile; fileRef = 30E84638FED97667F8C7C2CE /* Pods_objShe.framework */; };
/* End PBXBuildFile section */

/* Begin PBXFileReference section */
		30E84638FED97667F8C7C2CE /* Pods_objShe.framework */ = {isa = PBXFileReference; explicitFileType = wrapper.framework; includeInIndex = 0; path = Pods_objShe.framework; sourceTree = BUILT_PRODUCTS_DIR; };
		72AC7DCA9025E4FF1DE03185 /* Pods-objShe.debug.xcconfig */ = {isa = PBXFileReference; includeInIndex = 1; lastKnownFileType = text.xcconfig; name = "Pods-objShe.debug.xcconfig"; path = "Pods/Target Support Files/Pods-objShe/Pods-objShe.debug.xcconfig"; sourceTree = "<group>"; };
		773E2E9A1D43F0D100E948A4 /* LoginViewController.swift */ = {isa = PBXFileReference; fileEncoding = 4; lastKnownFileType = sourcecode.swift; path = LoginViewController.swift; sourceTree = "<group>"; };
		773E2E9B1D43F0D100E948A4 /* LoginViewController.xib */ = {isa = PBXFileReference; fileEncoding = 4; lastKnownFileType = file.xib; path = LoginViewController.xib; sourceTree = "<group>"; };
		77CB12BB1D43335700E7DED5 /* objShe.app */ = {isa = PBXFileReference; explicitFileType = wrapper.application; includeInIndex = 0; path = objShe.app; sourceTree = BUILT_PRODUCTS_DIR; };
		77CB12BE1D43335700E7DED5 /* AppDelegate.swift */ = {isa = PBXFileReference; lastKnownFileType = sourcecode.swift; path = AppDelegate.swift; sourceTree = "<group>"; };
		77CB12C51D43335700E7DED5 /* Assets.xcassets */ = {isa = PBXFileReference; lastKnownFileType = folder.assetcatalog; path = Assets.xcassets; sourceTree = "<group>"; };
		77CB12C81D43335700E7DED5 /* Base */ = {isa = PBXFileReference; lastKnownFileType = file.storyboard; name = Base; path = Base.lproj/LaunchScreen.storyboard; sourceTree = "<group>"; };
		77CB12CA1D43335700E7DED5 /* Info.plist */ = {isa = PBXFileReference; lastKnownFileType = text.plist.xml; path = Info.plist; sourceTree = "<group>"; };
		E11C9CBCBB923E79ECAB40C2 /* Pods-objShe.release.xcconfig */ = {isa = PBXFileReference; includeInIndex = 1; lastKnownFileType = text.xcconfig; name = "Pods-objShe.release.xcconfig"; path = "Pods/Target Support Files/Pods-objShe/Pods-objShe.release.xcconfig"; sourceTree = "<group>"; };
/* End PBXFileReference section */

/* Begin PBXFrameworksBuildPhase section */
		77CB12B81D43335700E7DED5 /* Frameworks */ = {
			isa = PBXFrameworksBuildPhase;
			buildActionMask = 2147483647;
			files = (
				F1963B3A82143F2942B99286 /* Pods_objShe.framework in Frameworks */,
			);
			runOnlyForDeploymentPostprocessing = 0;
		};
/* End PBXFrameworksBuildPhase section */

/* Begin PBXGroup section */
		77CB12B21D43335600E7DED5 = {
			isa = PBXGroup;
			children = (
				77CB12BD1D43335700E7DED5 /* objShe */,
				77CB12BC1D43335700E7DED5 /* Products */,
				AAD7AC8C3EDFF0BBAF697713 /* Pods */,
				C93D9011D63B021CB75976E7 /* Frameworks */,
			);
			sourceTree = "<group>";
		};
		77CB12BC1D43335700E7DED5 /* Products */ = {
			isa = PBXGroup;
			children = (
				77CB12BB1D43335700E7DED5 /* objShe.app */,
			);
			name = Products;
			sourceTree = "<group>";
		};
		77CB12BD1D43335700E7DED5 /* objShe */ = {
			isa = PBXGroup;
			children = (
				77CB12BE1D43335700E7DED5 /* AppDelegate.swift */,
				773E2E9A1D43F0D100E948A4 /* LoginViewController.swift */,
				773E2E9B1D43F0D100E948A4 /* LoginViewController.xib */,
				77CB12C51D43335700E7DED5 /* Assets.xcassets */,
				77CB12C71D43335700E7DED5 /* LaunchScreen.storyboard */,
				77CB12CA1D43335700E7DED5 /* Info.plist */,
			);
			path = objShe;
			sourceTree = "<group>";
		};
		AAD7AC8C3EDFF0BBAF697713 /* Pods */ = {
			isa = PBXGroup;
			children = (
				72AC7DCA9025E4FF1DE03185 /* Pods-objShe.debug.xcconfig */,
				E11C9CBCBB923E79ECAB40C2 /* Pods-objShe.release.xcconfig */,
			);
			name = Pods;
			sourceTree = "<group>";
		};
		C93D9011D63B021CB75976E7 /* Frameworks */ = {
			isa = PBXGroup;
			children = (
				30E84638FED97667F8C7C2CE /* Pods_objShe.framework */,
			);
			name = Frameworks;
			sourceTree = "<group>";
		};
/* End PBXGroup section */

/* Begin PBXNativeTarget section */
		77CB12BA1D43335700E7DED5 /* objShe */ = {
			isa = PBXNativeTarget;
			buildConfigurationList = 77CB12CD1D43335700E7DED5 /* Build configuration list for PBXNativeTarget "objShe" */;
			buildPhases = (
				DE945162BAC47C1778C96FDE /* [CP] Check Pods Manifest.lock */,
				77CB12B71D43335700E7DED5 /* Sources */,
				77CB12B81D43335700E7DED5 /* Frameworks */,
				77CB12B91D43335700E7DED5 /* Resources */,
				5CAF3EE0B312F7D8EDC7487D /* [CP] Embed Pods Frameworks */,
				1CD79DDFB6333BBE382A97CA /* [CP] Copy Pods Resources */,
			);
			buildRules = (
			);
			dependencies = (
			);
			name = objShe;
			productName = objShe;
			productReference = 77CB12BB1D43335700E7DED5 /* objShe.app */;
			productType = "com.apple.product-type.application";
		};
/* End PBXNativeTarget section */

/* Begin PBXProject section */
		77CB12B31D43335700E7DED5 /* Project object */ = {
			isa = PBXProject;
			attributes = {
				LastSwiftUpdateCheck = 0730;
				LastUpgradeCheck = 0730;
				ORGANIZATIONNAME = "Yoko Yamaguchi";
				TargetAttributes = {
					77CB12BA1D43335700E7DED5 = {
						CreatedOnToolsVersion = 7.3.1;
					};
				};
			};
			buildConfigurationList = 77CB12B61D43335700E7DED5 /* Build configuration list for PBXProject "objShe" */;
			compatibilityVersion = "Xcode 3.2";
			developmentRegion = English;
			hasScannedForEncodings = 0;
			knownRegions = (
				en,
				Base,
			);
			mainGroup = 77CB12B21D43335600E7DED5;
			productRefGroup = 77CB12BC1D43335700E7DED5 /* Products */;
			projectDirPath = "";
			projectRoot = "";
			targets = (
				77CB12BA1D43335700E7DED5 /* objShe */,
			);
		};
/* End PBXProject section */

/* Begin PBXResourcesBuildPhase section */
		77CB12B91D43335700E7DED5 /* Resources */ = {
			isa = PBXResourcesBuildPhase;
			buildActionMask = 2147483647;
			files = (
				77CB12C91D43335700E7DED5 /* LaunchScreen.storyboard in Resources */,
				77CB12C61D43335700E7DED5 /* Assets.xcassets in Resources */,
				773E2E9D1D43F0D100E948A4 /* LoginViewController.xib in Resources */,
			);
			runOnlyForDeploymentPostprocessing = 0;
		};
/* End PBXResourcesBuildPhase section */

/* Begin PBXShellScriptBuildPhase section */
		1CD79DDFB6333BBE382A97CA /* [CP] Copy Pods Resources */ = {
			isa = PBXShellScriptBuildPhase;
			buildActionMask = 2147483647;
			files = (
			);
			inputPaths = (
			);
			name = "[CP] Copy Pods Resources";
			outputPaths = (
			);
			runOnlyForDeploymentPostprocessing = 0;
			shellPath = /bin/sh;
			shellScript = "\"${SRCROOT}/Pods/Target Support Files/Pods-objShe/Pods-objShe-resources.sh\"\n";
			showEnvVarsInLog = 0;
		};
		5CAF3EE0B312F7D8EDC7487D /* [CP] Embed Pods Frameworks */ = {
			isa = PBXShellScriptBuildPhase;
			buildActionMask = 2147483647;
			files = (
			);
			inputPaths = (
			);
			name = "[CP] Embed Pods Frameworks";
			outputPaths = (
			);
			runOnlyForDeploymentPostprocessing = 0;
			shellPath = /bin/sh;
			shellScript = "\"${SRCROOT}/Pods/Target Support Files/Pods-objShe/Pods-objShe-frameworks.sh\"\n";
			showEnvVarsInLog = 0;
		};
		DE945162BAC47C1778C96FDE /* [CP] Check Pods Manifest.lock */ = {
			isa = PBXShellScriptBuildPhase;
			buildActionMask = 2147483647;
			files = (
			);
			inputPaths = (
			);
			name = "[CP] Check Pods Manifest.lock";
			outputPaths = (
			);
			runOnlyForDeploymentPostprocessing = 0;
			shellPath = /bin/sh;
			shellScript = "diff \"${PODS_ROOT}/../Podfile.lock\" \"${PODS_ROOT}/Manifest.lock\" > /dev/null\nif [[ $? != 0 ]] ; then\n    cat << EOM\nerror: The sandbox is not in sync with the Podfile.lock. Run 'pod install' or update your CocoaPods installation.\nEOM\n    exit 1\nfi\n";
			showEnvVarsInLog = 0;
		};
/* End PBXShellScriptBuildPhase section */

/* Begin PBXSourcesBuildPhase section */
		77CB12B71D43335700E7DED5 /* Sources */ = {
			isa = PBXSourcesBuildPhase;
			buildActionMask = 2147483647;
			files = (
				773E2E9C1D43F0D100E948A4 /* LoginViewController.swift in Sources */,
				77CB12BF1D43335700E7DED5 /* AppDelegate.swift in Sources */,
			);
			runOnlyForDeploymentPostprocessing = 0;
		};
/* End PBXSourcesBuildPhase section */

/* Begin PBXVariantGroup section */
		77CB12C71D43335700E7DED5 /* LaunchScreen.storyboard */ = {
			isa = PBXVariantGroup;
			children = (
				77CB12C81D43335700E7DED5 /* Base */,
			);
			name = LaunchScreen.storyboard;
			sourceTree = "<group>";
		};
/* End PBXVariantGroup section */

/* Begin XCBuildConfiguration section */
		77CB12CB1D43335700E7DED5 /* Debug */ = {
			isa = XCBuildConfiguration;
			buildSettings = {
				ALWAYS_SEARCH_USER_PATHS = NO;
				CLANG_ANALYZER_NONNULL = YES;
				CLANG_CXX_LANGUAGE_STANDARD = "gnu++0x";
				CLANG_CXX_LIBRARY = "libc++";
				CLANG_ENABLE_MODULES = YES;
				CLANG_ENABLE_OBJC_ARC = YES;
				CLANG_WARN_BOOL_CONVERSION = YES;
				CLANG_WARN_CONSTANT_CONVERSION = YES;
				CLANG_WARN_DIRECT_OBJC_ISA_USAGE = YES_ERROR;
				CLANG_WARN_EMPTY_BODY = YES;
				CLANG_WARN_ENUM_CONVERSION = YES;
				CLANG_WARN_INT_CONVERSION = YES;
				CLANG_WARN_OBJC_ROOT_CLASS = YES_ERROR;
				CLANG_WARN_UNREACHABLE_CODE = YES;
				CLANG_WARN__DUPLICATE_METHOD_MATCH = YES;
				"CODE_SIGN_IDENTITY[sdk=iphoneos*]" = "iPhone Developer";
				COPY_PHASE_STRIP = NO;
				DEBUG_INFORMATION_FORMAT = dwarf;
				ENABLE_STRICT_OBJC_MSGSEND = YES;
				ENABLE_TESTABILITY = YES;
				GCC_C_LANGUAGE_STANDARD = gnu99;
				GCC_DYNAMIC_NO_PIC = NO;
				GCC_NO_COMMON_BLOCKS = YES;
				GCC_OPTIMIZATION_LEVEL = 0;
				GCC_PREPROCESSOR_DEFINITIONS = (
					"DEBUG=1",
					"$(inherited)",
				);
				GCC_WARN_64_TO_32_BIT_CONVERSION = YES;
				GCC_WARN_ABOUT_RETURN_TYPE = YES_ERROR;
				GCC_WARN_UNDECLARED_SELECTOR = YES;
				GCC_WARN_UNINITIALIZED_AUTOS = YES_AGGRESSIVE;
				GCC_WARN_UNUSED_FUNCTION = YES;
				GCC_WARN_UNUSED_VARIABLE = YES;
				IPHONEOS_DEPLOYMENT_TARGET = 9.3;
				MTL_ENABLE_DEBUG_INFO = YES;
				ONLY_ACTIVE_ARCH = YES;
				SDKROOT = iphoneos;
				SWIFT_OPTIMIZATION_LEVEL = "-Onone";
				TARGETED_DEVICE_FAMILY = "1,2";
			};
			name = Debug;
		};
		77CB12CC1D43335700E7DED5 /* Release */ = {
			isa = XCBuildConfiguration;
			buildSettings = {
				ALWAYS_SEARCH_USER_PATHS = NO;
				CLANG_ANALYZER_NONNULL = YES;
				CLANG_CXX_LANGUAGE_STANDARD = "gnu++0x";
				CLANG_CXX_LIBRARY = "libc++";
				CLANG_ENABLE_MODULES = YES;
				CLANG_ENABLE_OBJC_ARC = YES;
				CLANG_WARN_BOOL_CONVERSION = YES;
				CLANG_WARN_CONSTANT_CONVERSION = YES;
				CLANG_WARN_DIRECT_OBJC_ISA_USAGE = YES_ERROR;
				CLANG_WARN_EMPTY_BODY = YES;
				CLANG_WARN_ENUM_CONVERSION = YES;
				CLANG_WARN_INT_CONVERSION = YES;
				CLANG_WARN_OBJC_ROOT_CLASS = YES_ERROR;
				CLANG_WARN_UNREACHABLE_CODE = YES;
				CLANG_WARN__DUPLICATE_METHOD_MATCH = YES;
				"CODE_SIGN_IDENTITY[sdk=iphoneos*]" = "iPhone Developer";
				COPY_PHASE_STRIP = NO;
				DEBUG_INFORMATION_FORMAT = "dwarf-with-dsym";
				ENABLE_NS_ASSERTIONS = NO;
				ENABLE_STRICT_OBJC_MSGSEND = YES;
				GCC_C_LANGUAGE_STANDARD = gnu99;
				GCC_NO_COMMON_BLOCKS = YES;
				GCC_WARN_64_TO_32_BIT_CONVERSION = YES;
				GCC_WARN_ABOUT_RETURN_TYPE = YES_ERROR;
				GCC_WARN_UNDECLARED_SELECTOR = YES;
				GCC_WARN_UNINITIALIZED_AUTOS = YES_AGGRESSIVE;
				GCC_WARN_UNUSED_FUNCTION = YES;
				GCC_WARN_UNUSED_VARIABLE = YES;
				IPHONEOS_DEPLOYMENT_TARGET = 9.3;
				MTL_ENABLE_DEBUG_INFO = NO;
				SDKROOT = iphoneos;
				TARGETED_DEVICE_FAMILY = "1,2";
				VALIDATE_PRODUCT = YES;
			};
			name = Release;
		};
		77CB12CE1D43335700E7DED5 /* Debug */ = {
			isa = XCBuildConfiguration;
			baseConfigurationReference = 72AC7DCA9025E4FF1DE03185 /* Pods-objShe.debug.xcconfig */;
			buildSettings = {
				ASSETCATALOG_COMPILER_APPICON_NAME = AppIcon;
				INFOPLIST_FILE = objShe/Info.plist;
				LD_RUNPATH_SEARCH_PATHS = "$(inherited) @executable_path/Frameworks";
				PRODUCT_BUNDLE_IDENTIFIER = sospectra.objShe;
				PRODUCT_NAME = "$(TARGET_NAME)";
			};
			name = Debug;
		};
		77CB12CF1D43335700E7DED5 /* Release */ = {
			isa = XCBuildConfiguration;
			baseConfigurationReference = E11C9CBCBB923E79ECAB40C2 /* Pods-objShe.release.xcconfig */;
			buildSettings = {
				ASSETCATALOG_COMPILER_APPICON_NAME = AppIcon;
				INFOPLIST_FILE = objShe/Info.plist;
				LD_RUNPATH_SEARCH_PATHS = "$(inherited) @executable_path/Frameworks";
				PRODUCT_BUNDLE_IDENTIFIER = sospectra.objShe;
				PRODUCT_NAME = "$(TARGET_NAME)";
			};
			name = Release;
		};
/* End XCBuildConfiguration section */

/* Begin XCConfigurationList section */
		77CB12B61D43335700E7DED5 /* Build configuration list for PBXProject "objShe" */ = {
			isa = XCConfigurationList;
			buildConfigurations = (
				77CB12CB1D43335700E7DED5 /* Debug */,
				77CB12CC1D43335700E7DED5 /* Release */,
			);
			defaultConfigurationIsVisible = 0;
			defaultConfigurationName = Release;
		};
		77CB12CD1D43335700E7DED5 /* Build configuration list for PBXNativeTarget "objShe" */ = {
			isa = XCConfigurationList;
			buildConfigurations = (
				77CB12CE1D43335700E7DED5 /* Debug */,
				77CB12CF1D43335700E7DED5 /* Release */,
			);
			defaultConfigurationIsVisible = 0;
			defaultConfigurationName = Release;
		};
/* End XCConfigurationList section */
	};
	rootObject = 77CB12B31D43335700E7DED5 /* Project object */;
}
